schema: '2.0'
stages:
  data_ingestion:
    cmd: python src/stage_01_data_ingestion.py
    deps:
    - path: src/components/data_ingestion.py
      hash: md5
      md5: c5120400414931a34da0dcf2a54e0ba0
      size: 3374
    - path: src/entity/config_entity.py
      hash: md5
      md5: 5c2d8143b96ea3496e56f2e4b0ba4f32
      size: 2622
    - path: src/pipeline/training_pipeline.py
      hash: md5
      md5: 8ede8dff2b7eafa8100439aee5eeca1e
      size: 3652
    outs:
    - path: artifact/artifact_objects/data_ingestion.pkl
      hash: md5
      md5: 24624ed146af2daa43c0e5568aec8036
      size: 201
    - path: artifact/data_ingestion
      hash: md5
      md5: 853f754b5fc85a6f5f77dcce663c8682.dir
      size: 87253726
      nfiles: 3
