schema: '2.0'
stages:
  data_ingestion:
    cmd: python src/stage_01_data_ingestion.py
    deps:
    - path: src/components/data_ingestion.py
      hash: md5
      md5: c5120400414931a34da0dcf2a54e0ba0
      size: 3374
    - path: src/entity/config_entity.py
      hash: md5
      md5: 5c2d8143b96ea3496e56f2e4b0ba4f32
      size: 2622
    - path: src/pipeline/training_pipeline.py
      hash: md5
      md5: 8ede8dff2b7eafa8100439aee5eeca1e
      size: 3652
    outs:
    - path: artifact/artifact_objects/data_ingestion.pkl
      hash: md5
      md5: 24624ed146af2daa43c0e5568aec8036
      size: 201
    - path: artifact/data_ingestion
      hash: md5
      md5: 853f754b5fc85a6f5f77dcce663c8682.dir
      size: 87253726
      nfiles: 3
  data_validation:
    cmd: python src/stage_02_data_validation.py
    deps:
    - path: src/components/data_validation.py
      hash: md5
      md5: 500c66d4482b6df2fa6484dd684efbf6
      size: 4661
    - path: src/entity/config_entity.py
      hash: md5
      md5: 5c2d8143b96ea3496e56f2e4b0ba4f32
      size: 2622
    - path: src/pipeline/training_pipeline.py
      hash: md5
      md5: 8ede8dff2b7eafa8100439aee5eeca1e
      size: 3652
    outs:
    - path: artifact/artifact_objects/data_validation.pkl
      hash: md5
      md5: 1688ccc5e8e2698c3b5b2510786f3c60
      size: 168
    - path: artifact/data_validation
      hash: md5
      md5: 6f293f999c3d4d188cacdf10b48c0135.dir
      size: 55
      nfiles: 1
  data_transformation:
    cmd: python src/stage_03_data_transformation.py
    deps:
    - path: src/components/data_transformation.py
      hash: md5
      md5: e2f3819417ff33f8e574fc31acf92b40
      size: 8026
    - path: src/entity/config_entity.py
      hash: md5
      md5: 5c2d8143b96ea3496e56f2e4b0ba4f32
      size: 2622
    - path: src/pipeline/training_pipeline.py
      hash: md5
      md5: 8ede8dff2b7eafa8100439aee5eeca1e
      size: 3652
    outs:
    - path: artifact/artifact_objects/data_transformation.pkl
      hash: md5
      md5: 0187b80061d71ab9752f6728e3514c71
      size: 328
    - path: artifact/data_transformation
      hash: md5
      md5: 0f8d6e72983d7617370bd5f65c08eeb8.dir
      size: 108029534
      nfiles: 3
  model_trainer:
    cmd: python src/stage_04_model_trainer.py
    deps:
    - path: src/components/model_trainer.py
      hash: md5
      md5: d73681895e5e0aedf8e06267f23e4bdb
      size: 3797
    - path: src/entity/config_entity.py
      hash: md5
      md5: 5c2d8143b96ea3496e56f2e4b0ba4f32
      size: 2622
    - path: src/pipeline/training_pipeline.py
      hash: md5
      md5: 8ede8dff2b7eafa8100439aee5eeca1e
      size: 3652
    outs:
    - path: artifact/artifact_objects/model_trainer.pkl
      hash: md5
      md5: 0a0b92631ef3f2942475d5517af6810d
      size: 262
    - path: artifact/model_trainer
      hash: md5
      md5: 72cc33816cc52d21167a5bf0286f5bfe.dir
      size: 12247667
      nfiles: 2
